// !$*UTF8*$!
{
	archiveVersion = 1;
	classes = {
	};
	objectVersion = 50;
	objects = {

/* Begin PBXBuildFile section */
		31941DA620CCAE1A00595473 /* DataService.swift in Sources */ = {isa = PBXBuildFile; fileRef = 31941DA520CCAE1A00595473 /* DataService.swift */; };
		31941DA720CCAE1A00595473 /* DataService.swift in Sources */ = {isa = PBXBuildFile; fileRef = 31941DA520CCAE1A00595473 /* DataService.swift */; };
		31941DA820CCAE1A00595473 /* DataService.swift in Sources */ = {isa = PBXBuildFile; fileRef = 31941DA520CCAE1A00595473 /* DataService.swift */; };
		31941DAB20CCB73300595473 /* User.swift in Sources */ = {isa = PBXBuildFile; fileRef = 31941DAA20CCB73300595473 /* User.swift */; };
		31941DAC20CCB73300595473 /* User.swift in Sources */ = {isa = PBXBuildFile; fileRef = 31941DAA20CCB73300595473 /* User.swift */; };
		31941DAD20CCB73300595473 /* User.swift in Sources */ = {isa = PBXBuildFile; fileRef = 31941DAA20CCB73300595473 /* User.swift */; };
		31941DB020CCBC2400595473 /* MainScreenVC.swift in Sources */ = {isa = PBXBuildFile; fileRef = 31941DAF20CCBC2400595473 /* MainScreenVC.swift */; };
		31941DB120CCBC2400595473 /* MainScreenVC.swift in Sources */ = {isa = PBXBuildFile; fileRef = 31941DAF20CCBC2400595473 /* MainScreenVC.swift */; };
		31941DB220CCBC2400595473 /* MainScreenVC.swift in Sources */ = {isa = PBXBuildFile; fileRef = 31941DAF20CCBC2400595473 /* MainScreenVC.swift */; };
		5C29C1EB4AF02F4D602AEDC4 /* Pods_Ruff_Ruff.framework in Frameworks */ = {isa = PBXBuildFile; fileRef = D5381BC040D06D1559E16DB5 /* Pods_Ruff_Ruff.framework */; };
		6E23D5C720D7675E00FFEA0E /* UserDetailViewController.swift in Sources */ = {isa = PBXBuildFile; fileRef = 6E23D5C620D7675E00FFEA0E /* UserDetailViewController.swift */; };
		6E4B14CE20E5E7A900AFA73F /* PetDetailsViewController.swift in Sources */ = {isa = PBXBuildFile; fileRef = 6E4B14CD20E5E7A900AFA73F /* PetDetailsViewController.swift */; };
		6E5D9EB820F7184F001C7C5C /* FirebaseImporter.swift in Sources */ = {isa = PBXBuildFile; fileRef = 6E5D9EB720F7184F001C7C5C /* FirebaseImporter.swift */; };
		6E67438120CCE9AC00FE9E50 /* CollectionViewCell.swift in Sources */ = {isa = PBXBuildFile; fileRef = 6E67438020CCE9AC00FE9E50 /* CollectionViewCell.swift */; };
		6E74C0DE20C0DA0600446BCD /* AppDelegate.swift in Sources */ = {isa = PBXBuildFile; fileRef = 6E74C0DD20C0DA0600446BCD /* AppDelegate.swift */; };
		6E74C0E520C0DA0800446BCD /* Assets.xcassets in Resources */ = {isa = PBXBuildFile; fileRef = 6E74C0E420C0DA0800446BCD /* Assets.xcassets */; };
		6E74C0E820C0DA0800446BCD /* LaunchScreen.storyboard in Resources */ = {isa = PBXBuildFile; fileRef = 6E74C0E620C0DA0800446BCD /* LaunchScreen.storyboard */; };
		6E74C0F320C0DA0900446BCD /* Ruff_RuffTests.swift in Sources */ = {isa = PBXBuildFile; fileRef = 6E74C0F220C0DA0900446BCD /* Ruff_RuffTests.swift */; };
		6E74C0FE20C0DA0900446BCD /* Ruff_RuffUITests.swift in Sources */ = {isa = PBXBuildFile; fileRef = 6E74C0FD20C0DA0900446BCD /* Ruff_RuffUITests.swift */; };
		6E74C11020C0E8CE00446BCD /* SignUpViewController.swift in Sources */ = {isa = PBXBuildFile; fileRef = 6E74C10F20C0E8CE00446BCD /* SignUpViewController.swift */; };
		6E74C11220C0E8D500446BCD /* SignInViewController.swift in Sources */ = {isa = PBXBuildFile; fileRef = 6E74C11120C0E8D500446BCD /* SignInViewController.swift */; };
		6E74C11420C0E92700446BCD /* Start.storyboard in Resources */ = {isa = PBXBuildFile; fileRef = 6E74C11320C0E92700446BCD /* Start.storyboard */; };
		6E74C11820C0EA0500446BCD /* GoogleService-Info.plist in Resources */ = {isa = PBXBuildFile; fileRef = 6E74C11720C0EA0500446BCD /* GoogleService-Info.plist */; };
		6E9657F320D38D2200027CCC /* userData.swift in Sources */ = {isa = PBXBuildFile; fileRef = 6E9657F220D38D2200027CCC /* userData.swift */; };
		6E9657F520D39A0F00027CCC /* dog.swift in Sources */ = {isa = PBXBuildFile; fileRef = 6E9657F420D39A0F00027CCC /* dog.swift */; };
		6EDC7F1A20EF400600EFF1C0 /* ParentMainViewController.swift in Sources */ = {isa = PBXBuildFile; fileRef = 6EDC7F1920EF400600EFF1C0 /* ParentMainViewController.swift */; };
		6EDC7F1C20EF48A200EFF1C0 /* AddDogsVC.swift in Sources */ = {isa = PBXBuildFile; fileRef = 6EDC7F1B20EF48A200EFF1C0 /* AddDogsVC.swift */; };
		6EDC7F1E20F1BF3E00EFF1C0 /* ParentCollectionViewCell.swift in Sources */ = {isa = PBXBuildFile; fileRef = 6EDC7F1D20F1BF3E00EFF1C0 /* ParentCollectionViewCell.swift */; };
		6EDC7F2020F1E74500EFF1C0 /* OptionVC.swift in Sources */ = {isa = PBXBuildFile; fileRef = 6EDC7F1F20F1E74500EFF1C0 /* OptionVC.swift */; };
		72FFAE891B9AF88440B2A3FD /* Pods_Ruff_RuffTests.framework in Frameworks */ = {isa = PBXBuildFile; fileRef = E541DA95BB7BA50E2385F176 /* Pods_Ruff_RuffTests.framework */; };
		AC0D31AD37BE3640D8943D12 /* Pods_Ruff_RuffUITests.framework in Frameworks */ = {isa = PBXBuildFile; fileRef = C08E32B30D887E4093FD1170 /* Pods_Ruff_RuffUITests.framework */; };
/* End PBXBuildFile section */

/* Begin PBXContainerItemProxy section */
		6E74C0EF20C0DA0900446BCD /* PBXContainerItemProxy */ = {
			isa = PBXContainerItemProxy;
			containerPortal = 6E74C0D220C0DA0600446BCD /* Project object */;
			proxyType = 1;
			remoteGlobalIDString = 6E74C0D920C0DA0600446BCD;
			remoteInfo = "Ruff-Ruff";
		};
		6E74C0FA20C0DA0900446BCD /* PBXContainerItemProxy */ = {
			isa = PBXContainerItemProxy;
			containerPortal = 6E74C0D220C0DA0600446BCD /* Project object */;
			proxyType = 1;
			remoteGlobalIDString = 6E74C0D920C0DA0600446BCD;
			remoteInfo = "Ruff-Ruff";
		};
/* End PBXContainerItemProxy section */

/* Begin PBXFileReference section */
		0ECFAEF2500D39C990C44799 /* Pods-Ruff-Ruff.debug.xcconfig */ = {isa = PBXFileReference; includeInIndex = 1; lastKnownFileType = text.xcconfig; name = "Pods-Ruff-Ruff.debug.xcconfig"; path = "Pods/Target Support Files/Pods-Ruff-Ruff/Pods-Ruff-Ruff.debug.xcconfig"; sourceTree = "<group>"; };
		31941DA520CCAE1A00595473 /* DataService.swift */ = {isa = PBXFileReference; lastKnownFileType = sourcecode.swift; path = DataService.swift; sourceTree = "<group>"; };
		31941DAA20CCB73300595473 /* User.swift */ = {isa = PBXFileReference; lastKnownFileType = sourcecode.swift; path = User.swift; sourceTree = "<group>"; };
		31941DAF20CCBC2400595473 /* MainScreenVC.swift */ = {isa = PBXFileReference; lastKnownFileType = sourcecode.swift; path = MainScreenVC.swift; sourceTree = "<group>"; };
		38964257BCE175C9C505C589 /* Pods-Ruff-RuffUITests.release.xcconfig */ = {isa = PBXFileReference; includeInIndex = 1; lastKnownFileType = text.xcconfig; name = "Pods-Ruff-RuffUITests.release.xcconfig"; path = "Pods/Target Support Files/Pods-Ruff-RuffUITests/Pods-Ruff-RuffUITests.release.xcconfig"; sourceTree = "<group>"; };
		648810674401C1D745FDB7BE /* Pods-Ruff-RuffUITests.debug.xcconfig */ = {isa = PBXFileReference; includeInIndex = 1; lastKnownFileType = text.xcconfig; name = "Pods-Ruff-RuffUITests.debug.xcconfig"; path = "Pods/Target Support Files/Pods-Ruff-RuffUITests/Pods-Ruff-RuffUITests.debug.xcconfig"; sourceTree = "<group>"; };
		6C702A2C70A56D91BFA0C7BC /* Pods-Ruff-Ruff.release.xcconfig */ = {isa = PBXFileReference; includeInIndex = 1; lastKnownFileType = text.xcconfig; name = "Pods-Ruff-Ruff.release.xcconfig"; path = "Pods/Target Support Files/Pods-Ruff-Ruff/Pods-Ruff-Ruff.release.xcconfig"; sourceTree = "<group>"; };
		6E23D5C620D7675E00FFEA0E /* UserDetailViewController.swift */ = {isa = PBXFileReference; lastKnownFileType = sourcecode.swift; path = UserDetailViewController.swift; sourceTree = "<group>"; };
		6E4B14CD20E5E7A900AFA73F /* PetDetailsViewController.swift */ = {isa = PBXFileReference; lastKnownFileType = sourcecode.swift; path = PetDetailsViewController.swift; sourceTree = "<group>"; };
		6E5D9EB720F7184F001C7C5C /* FirebaseImporter.swift */ = {isa = PBXFileReference; lastKnownFileType = sourcecode.swift; path = FirebaseImporter.swift; sourceTree = "<group>"; };
		6E67438020CCE9AC00FE9E50 /* CollectionViewCell.swift */ = {isa = PBXFileReference; lastKnownFileType = sourcecode.swift; path = CollectionViewCell.swift; sourceTree = "<group>"; };
		6E74C0DA20C0DA0600446BCD /* Ruff-Ruff.app */ = {isa = PBXFileReference; explicitFileType = wrapper.application; includeInIndex = 0; path = "Ruff-Ruff.app"; sourceTree = BUILT_PRODUCTS_DIR; };
		6E74C0DD20C0DA0600446BCD /* AppDelegate.swift */ = {isa = PBXFileReference; lastKnownFileType = sourcecode.swift; path = AppDelegate.swift; sourceTree = "<group>"; };
		6E74C0E420C0DA0800446BCD /* Assets.xcassets */ = {isa = PBXFileReference; lastKnownFileType = folder.assetcatalog; path = Assets.xcassets; sourceTree = "<group>"; };
		6E74C0E720C0DA0800446BCD /* Base */ = {isa = PBXFileReference; lastKnownFileType = file.storyboard; name = Base; path = Base.lproj/LaunchScreen.storyboard; sourceTree = "<group>"; };
		6E74C0E920C0DA0800446BCD /* Info.plist */ = {isa = PBXFileReference; lastKnownFileType = text.plist.xml; path = Info.plist; sourceTree = "<group>"; };
		6E74C0EE20C0DA0900446BCD /* Ruff-RuffTests.xctest */ = {isa = PBXFileReference; explicitFileType = wrapper.cfbundle; includeInIndex = 0; path = "Ruff-RuffTests.xctest"; sourceTree = BUILT_PRODUCTS_DIR; };
		6E74C0F220C0DA0900446BCD /* Ruff_RuffTests.swift */ = {isa = PBXFileReference; lastKnownFileType = sourcecode.swift; path = Ruff_RuffTests.swift; sourceTree = "<group>"; };
		6E74C0F420C0DA0900446BCD /* Info.plist */ = {isa = PBXFileReference; lastKnownFileType = text.plist.xml; path = Info.plist; sourceTree = "<group>"; };
		6E74C0F920C0DA0900446BCD /* Ruff-RuffUITests.xctest */ = {isa = PBXFileReference; explicitFileType = wrapper.cfbundle; includeInIndex = 0; path = "Ruff-RuffUITests.xctest"; sourceTree = BUILT_PRODUCTS_DIR; };
		6E74C0FD20C0DA0900446BCD /* Ruff_RuffUITests.swift */ = {isa = PBXFileReference; lastKnownFileType = sourcecode.swift; path = Ruff_RuffUITests.swift; sourceTree = "<group>"; };
		6E74C0FF20C0DA0900446BCD /* Info.plist */ = {isa = PBXFileReference; lastKnownFileType = text.plist.xml; path = Info.plist; sourceTree = "<group>"; };
		6E74C10F20C0E8CE00446BCD /* SignUpViewController.swift */ = {isa = PBXFileReference; lastKnownFileType = sourcecode.swift; path = SignUpViewController.swift; sourceTree = "<group>"; };
		6E74C11120C0E8D500446BCD /* SignInViewController.swift */ = {isa = PBXFileReference; lastKnownFileType = sourcecode.swift; path = SignInViewController.swift; sourceTree = "<group>"; };
		6E74C11320C0E92700446BCD /* Start.storyboard */ = {isa = PBXFileReference; lastKnownFileType = file.storyboard; path = Start.storyboard; sourceTree = "<group>"; };
		6E74C11720C0EA0500446BCD /* GoogleService-Info.plist */ = {isa = PBXFileReference; fileEncoding = 4; lastKnownFileType = text.plist.xml; path = "GoogleService-Info.plist"; sourceTree = "<group>"; };
		6E9657F220D38D2200027CCC /* userData.swift */ = {isa = PBXFileReference; lastKnownFileType = sourcecode.swift; name = userData.swift; path = ../../userData.swift; sourceTree = "<group>"; };
		6E9657F420D39A0F00027CCC /* dog.swift */ = {isa = PBXFileReference; lastKnownFileType = sourcecode.swift; path = dog.swift; sourceTree = "<group>"; };
		6EDC7F1920EF400600EFF1C0 /* ParentMainViewController.swift */ = {isa = PBXFileReference; lastKnownFileType = sourcecode.swift; path = ParentMainViewController.swift; sourceTree = "<group>"; };
		6EDC7F1B20EF48A200EFF1C0 /* AddDogsVC.swift */ = {isa = PBXFileReference; lastKnownFileType = sourcecode.swift; path = AddDogsVC.swift; sourceTree = "<group>"; };
		6EDC7F1D20F1BF3E00EFF1C0 /* ParentCollectionViewCell.swift */ = {isa = PBXFileReference; lastKnownFileType = sourcecode.swift; path = ParentCollectionViewCell.swift; sourceTree = "<group>"; };
		6EDC7F1F20F1E74500EFF1C0 /* OptionVC.swift */ = {isa = PBXFileReference; lastKnownFileType = sourcecode.swift; path = OptionVC.swift; sourceTree = "<group>"; };
		C08E32B30D887E4093FD1170 /* Pods_Ruff_RuffUITests.framework */ = {isa = PBXFileReference; explicitFileType = wrapper.framework; includeInIndex = 0; path = Pods_Ruff_RuffUITests.framework; sourceTree = BUILT_PRODUCTS_DIR; };
		D027CAF76B09745182DEA94E /* Pods-Ruff-RuffTests.debug.xcconfig */ = {isa = PBXFileReference; includeInIndex = 1; lastKnownFileType = text.xcconfig; name = "Pods-Ruff-RuffTests.debug.xcconfig"; path = "Pods/Target Support Files/Pods-Ruff-RuffTests/Pods-Ruff-RuffTests.debug.xcconfig"; sourceTree = "<group>"; };
		D5381BC040D06D1559E16DB5 /* Pods_Ruff_Ruff.framework */ = {isa = PBXFileReference; explicitFileType = wrapper.framework; includeInIndex = 0; path = Pods_Ruff_Ruff.framework; sourceTree = BUILT_PRODUCTS_DIR; };
		DE118BB2A0AAB355E31B8FCB /* Pods-Ruff-RuffTests.release.xcconfig */ = {isa = PBXFileReference; includeInIndex = 1; lastKnownFileType = text.xcconfig; name = "Pods-Ruff-RuffTests.release.xcconfig"; path = "Pods/Target Support Files/Pods-Ruff-RuffTests/Pods-Ruff-RuffTests.release.xcconfig"; sourceTree = "<group>"; };
		E541DA95BB7BA50E2385F176 /* Pods_Ruff_RuffTests.framework */ = {isa = PBXFileReference; explicitFileType = wrapper.framework; includeInIndex = 0; path = Pods_Ruff_RuffTests.framework; sourceTree = BUILT_PRODUCTS_DIR; };
/* End PBXFileReference section */

/* Begin PBXFrameworksBuildPhase section */
		6E74C0D720C0DA0600446BCD /* Frameworks */ = {
			isa = PBXFrameworksBuildPhase;
			buildActionMask = 2147483647;
			files = (
				5C29C1EB4AF02F4D602AEDC4 /* Pods_Ruff_Ruff.framework in Frameworks */,
			);
			runOnlyForDeploymentPostprocessing = 0;
		};
		6E74C0EB20C0DA0900446BCD /* Frameworks */ = {
			isa = PBXFrameworksBuildPhase;
			buildActionMask = 2147483647;
			files = (
				72FFAE891B9AF88440B2A3FD /* Pods_Ruff_RuffTests.framework in Frameworks */,
			);
			runOnlyForDeploymentPostprocessing = 0;
		};
		6E74C0F620C0DA0900446BCD /* Frameworks */ = {
			isa = PBXFrameworksBuildPhase;
			buildActionMask = 2147483647;
			files = (
				AC0D31AD37BE3640D8943D12 /* Pods_Ruff_RuffUITests.framework in Frameworks */,
			);
			runOnlyForDeploymentPostprocessing = 0;
		};
/* End PBXFrameworksBuildPhase section */

/* Begin PBXGroup section */
		31941DA420CCADF800595473 /* KeyChain */ = {
			isa = PBXGroup;
			children = (
				31941DA520CCAE1A00595473 /* DataService.swift */,
			);
			path = KeyChain;
			sourceTree = "<group>";
		};
		31941DA920CCB71E00595473 /* NSObjects */ = {
			isa = PBXGroup;
			children = (
				31941DAA20CCB73300595473 /* User.swift */,
			);
			path = NSObjects;
			sourceTree = "<group>";
		};
		31941DAE20CCBBE300595473 /* VCs */ = {
			isa = PBXGroup;
			children = (
				6E5D9EB420F70E62001C7C5C /* Supporting Codes */,
				6E74C11120C0E8D500446BCD /* SignInViewController.swift */,
				6E23D5C620D7675E00FFEA0E /* UserDetailViewController.swift */,
				6E74C10F20C0E8CE00446BCD /* SignUpViewController.swift */,
				31941DAF20CCBC2400595473 /* MainScreenVC.swift */,
				6E67438020CCE9AC00FE9E50 /* CollectionViewCell.swift */,
				6E9657F220D38D2200027CCC /* userData.swift */,
				6E9657F420D39A0F00027CCC /* dog.swift */,
				6E5D9EB720F7184F001C7C5C /* FirebaseImporter.swift */,
				6EDC7F1F20F1E74500EFF1C0 /* OptionVC.swift */,
				6E4E42D920FAEF47004D41F8 /* Parent */,
			);
			path = VCs;
			sourceTree = "<group>";
		};
		5C155FFCF4347E3E8EF3502F /* Frameworks */ = {
			isa = PBXGroup;
			children = (
				D5381BC040D06D1559E16DB5 /* Pods_Ruff_Ruff.framework */,
				E541DA95BB7BA50E2385F176 /* Pods_Ruff_RuffTests.framework */,
				C08E32B30D887E4093FD1170 /* Pods_Ruff_RuffUITests.framework */,
			);
			name = Frameworks;
			sourceTree = "<group>";
		};
		6E4E42D920FAEF47004D41F8 /* Parent */ = {
			isa = PBXGroup;
			children = (
				6E4B14CD20E5E7A900AFA73F /* PetDetailsViewController.swift */,
				6EDC7F1D20F1BF3E00EFF1C0 /* ParentCollectionViewCell.swift */,
				6EDC7F1920EF400600EFF1C0 /* ParentMainViewController.swift */,
				6EDC7F1B20EF48A200EFF1C0 /* AddDogsVC.swift */,
			);
			path = Parent;
			sourceTree = "<group>";
		};
		6E5D9EB420F70E62001C7C5C /* Supporting Codes */ = {
			isa = PBXGroup;
			children = (
			);
			path = "Supporting Codes";
			sourceTree = "<group>";
		};
		6E74C0D120C0DA0600446BCD = {
			isa = PBXGroup;
			children = (
				6E74C0DC20C0DA0600446BCD /* Ruff-Ruff */,
				6E74C0F120C0DA0900446BCD /* Ruff-RuffTests */,
				6E74C0FC20C0DA0900446BCD /* Ruff-RuffUITests */,
				6E74C0DB20C0DA0600446BCD /* Products */,
				F1BE354C8F594EEB3B939B7D /* Pods */,
				5C155FFCF4347E3E8EF3502F /* Frameworks */,
			);
			sourceTree = "<group>";
		};
		6E74C0DB20C0DA0600446BCD /* Products */ = {
			isa = PBXGroup;
			children = (
				6E74C0DA20C0DA0600446BCD /* Ruff-Ruff.app */,
				6E74C0EE20C0DA0900446BCD /* Ruff-RuffTests.xctest */,
				6E74C0F920C0DA0900446BCD /* Ruff-RuffUITests.xctest */,
			);
			name = Products;
			sourceTree = "<group>";
		};
		6E74C0DC20C0DA0600446BCD /* Ruff-Ruff */ = {
			isa = PBXGroup;
			children = (
				31941DAE20CCBBE300595473 /* VCs */,
				31941DA920CCB71E00595473 /* NSObjects */,
				31941DA420CCADF800595473 /* KeyChain */,
				6E74C0DD20C0DA0600446BCD /* AppDelegate.swift */,
				6E74C0E420C0DA0800446BCD /* Assets.xcassets */,
				6E74C11320C0E92700446BCD /* Start.storyboard */,
				6E74C11720C0EA0500446BCD /* GoogleService-Info.plist */,
				6E74C0E620C0DA0800446BCD /* LaunchScreen.storyboard */,
				6E74C0E920C0DA0800446BCD /* Info.plist */,
			);
			path = "Ruff-Ruff";
			sourceTree = "<group>";
		};
		6E74C0F120C0DA0900446BCD /* Ruff-RuffTests */ = {
			isa = PBXGroup;
			children = (
				6E74C0F220C0DA0900446BCD /* Ruff_RuffTests.swift */,
				6E74C0F420C0DA0900446BCD /* Info.plist */,
			);
			path = "Ruff-RuffTests";
			sourceTree = "<group>";
		};
		6E74C0FC20C0DA0900446BCD /* Ruff-RuffUITests */ = {
			isa = PBXGroup;
			children = (
				6E74C0FD20C0DA0900446BCD /* Ruff_RuffUITests.swift */,
				6E74C0FF20C0DA0900446BCD /* Info.plist */,
			);
			path = "Ruff-RuffUITests";
			sourceTree = "<group>";
		};
		F1BE354C8F594EEB3B939B7D /* Pods */ = {
			isa = PBXGroup;
			children = (
				0ECFAEF2500D39C990C44799 /* Pods-Ruff-Ruff.debug.xcconfig */,
				6C702A2C70A56D91BFA0C7BC /* Pods-Ruff-Ruff.release.xcconfig */,
				D027CAF76B09745182DEA94E /* Pods-Ruff-RuffTests.debug.xcconfig */,
				DE118BB2A0AAB355E31B8FCB /* Pods-Ruff-RuffTests.release.xcconfig */,
				648810674401C1D745FDB7BE /* Pods-Ruff-RuffUITests.debug.xcconfig */,
				38964257BCE175C9C505C589 /* Pods-Ruff-RuffUITests.release.xcconfig */,
			);
			name = Pods;
			sourceTree = "<group>";
		};
/* End PBXGroup section */

/* Begin PBXNativeTarget section */
		6E74C0D920C0DA0600446BCD /* Ruff-Ruff */ = {
			isa = PBXNativeTarget;
			buildConfigurationList = 6E74C10220C0DA0900446BCD /* Build configuration list for PBXNativeTarget "Ruff-Ruff" */;
			buildPhases = (
				1BB37BC402E532A53532EF68 /* [CP] Check Pods Manifest.lock */,
				6E74C0D620C0DA0600446BCD /* Sources */,
				6E74C0D720C0DA0600446BCD /* Frameworks */,
				6E74C0D820C0DA0600446BCD /* Resources */,
				015D305E5D27E812DC2496AD /* [CP] Embed Pods Frameworks */,
			);
			buildRules = (
			);
			dependencies = (
			);
			name = "Ruff-Ruff";
			productName = "Ruff-Ruff";
			productReference = 6E74C0DA20C0DA0600446BCD /* Ruff-Ruff.app */;
			productType = "com.apple.product-type.application";
		};
		6E74C0ED20C0DA0900446BCD /* Ruff-RuffTests */ = {
			isa = PBXNativeTarget;
			buildConfigurationList = 6E74C10520C0DA0900446BCD /* Build configuration list for PBXNativeTarget "Ruff-RuffTests" */;
			buildPhases = (
				BAC4E686AE12832ECBD2578D /* [CP] Check Pods Manifest.lock */,
				6E74C0EA20C0DA0900446BCD /* Sources */,
				6E74C0EB20C0DA0900446BCD /* Frameworks */,
				6E74C0EC20C0DA0900446BCD /* Resources */,
			);
			buildRules = (
			);
			dependencies = (
				6E74C0F020C0DA0900446BCD /* PBXTargetDependency */,
			);
			name = "Ruff-RuffTests";
			productName = "Ruff-RuffTests";
			productReference = 6E74C0EE20C0DA0900446BCD /* Ruff-RuffTests.xctest */;
			productType = "com.apple.product-type.bundle.unit-test";
		};
		6E74C0F820C0DA0900446BCD /* Ruff-RuffUITests */ = {
			isa = PBXNativeTarget;
			buildConfigurationList = 6E74C10820C0DA0900446BCD /* Build configuration list for PBXNativeTarget "Ruff-RuffUITests" */;
			buildPhases = (
				906BBE71E6CAB31B1B4A1D8E /* [CP] Check Pods Manifest.lock */,
				6E74C0F520C0DA0900446BCD /* Sources */,
				6E74C0F620C0DA0900446BCD /* Frameworks */,
				6E74C0F720C0DA0900446BCD /* Resources */,
			);
			buildRules = (
			);
			dependencies = (
				6E74C0FB20C0DA0900446BCD /* PBXTargetDependency */,
			);
			name = "Ruff-RuffUITests";
			productName = "Ruff-RuffUITests";
			productReference = 6E74C0F920C0DA0900446BCD /* Ruff-RuffUITests.xctest */;
			productType = "com.apple.product-type.bundle.ui-testing";
		};
/* End PBXNativeTarget section */

/* Begin PBXProject section */
		6E74C0D220C0DA0600446BCD /* Project object */ = {
			isa = PBXProject;
			attributes = {
				LastSwiftUpdateCheck = 0940;
				LastUpgradeCheck = 0940;
				ORGANIZATIONNAME = ruffRuff;
				TargetAttributes = {
					6E74C0D920C0DA0600446BCD = {
						CreatedOnToolsVersion = 9.4;
					};
					6E74C0ED20C0DA0900446BCD = {
						CreatedOnToolsVersion = 9.4;
						TestTargetID = 6E74C0D920C0DA0600446BCD;
					};
					6E74C0F820C0DA0900446BCD = {
						CreatedOnToolsVersion = 9.4;
						TestTargetID = 6E74C0D920C0DA0600446BCD;
					};
				};
			};
			buildConfigurationList = 6E74C0D520C0DA0600446BCD /* Build configuration list for PBXProject "Ruff-Ruff" */;
			compatibilityVersion = "Xcode 9.3";
			developmentRegion = en;
			hasScannedForEncodings = 0;
			knownRegions = (
				en,
				Base,
			);
			mainGroup = 6E74C0D120C0DA0600446BCD;
			productRefGroup = 6E74C0DB20C0DA0600446BCD /* Products */;
			projectDirPath = "";
			projectRoot = "";
			targets = (
				6E74C0D920C0DA0600446BCD /* Ruff-Ruff */,
				6E74C0ED20C0DA0900446BCD /* Ruff-RuffTests */,
				6E74C0F820C0DA0900446BCD /* Ruff-RuffUITests */,
			);
		};
/* End PBXProject section */

/* Begin PBXResourcesBuildPhase section */
		6E74C0D820C0DA0600446BCD /* Resources */ = {
			isa = PBXResourcesBuildPhase;
			buildActionMask = 2147483647;
			files = (
				6E74C0E820C0DA0800446BCD /* LaunchScreen.storyboard in Resources */,
				6E74C11820C0EA0500446BCD /* GoogleService-Info.plist in Resources */,
				6E74C0E520C0DA0800446BCD /* Assets.xcassets in Resources */,
				6E74C11420C0E92700446BCD /* Start.storyboard in Resources */,
			);
			runOnlyForDeploymentPostprocessing = 0;
		};
		6E74C0EC20C0DA0900446BCD /* Resources */ = {
			isa = PBXResourcesBuildPhase;
			buildActionMask = 2147483647;
			files = (
			);
			runOnlyForDeploymentPostprocessing = 0;
		};
		6E74C0F720C0DA0900446BCD /* Resources */ = {
			isa = PBXResourcesBuildPhase;
			buildActionMask = 2147483647;
			files = (
			);
			runOnlyForDeploymentPostprocessing = 0;
		};
/* End PBXResourcesBuildPhase section */

/* Begin PBXShellScriptBuildPhase section */
		015D305E5D27E812DC2496AD /* [CP] Embed Pods Frameworks */ = {
			isa = PBXShellScriptBuildPhase;
			buildActionMask = 2147483647;
			files = (
			);
			inputPaths = (
				"${SRCROOT}/Pods/Target Support Files/Pods-Ruff-Ruff/Pods-Ruff-Ruff-frameworks.sh",
				"${BUILT_PRODUCTS_DIR}/GTMSessionFetcher/GTMSessionFetcher.framework",
				"${BUILT_PRODUCTS_DIR}/GoogleToolboxForMac/GoogleToolboxForMac.framework",
				"${BUILT_PRODUCTS_DIR}/KeychainSwift/KeychainSwift.framework",
				"${BUILT_PRODUCTS_DIR}/SDWebImage/SDWebImage.framework",
				"${BUILT_PRODUCTS_DIR}/leveldb-library/leveldb.framework",
				"${BUILT_PRODUCTS_DIR}/nanopb/nanopb.framework",
			);
			name = "[CP] Embed Pods Frameworks";
			outputPaths = (
				"${TARGET_BUILD_DIR}/${FRAMEWORKS_FOLDER_PATH}/GTMSessionFetcher.framework",
				"${TARGET_BUILD_DIR}/${FRAMEWORKS_FOLDER_PATH}/GoogleToolboxForMac.framework",
				"${TARGET_BUILD_DIR}/${FRAMEWORKS_FOLDER_PATH}/KeychainSwift.framework",
				"${TARGET_BUILD_DIR}/${FRAMEWORKS_FOLDER_PATH}/SDWebImage.framework",
				"${TARGET_BUILD_DIR}/${FRAMEWORKS_FOLDER_PATH}/leveldb.framework",
				"${TARGET_BUILD_DIR}/${FRAMEWORKS_FOLDER_PATH}/nanopb.framework",
			);
			runOnlyForDeploymentPostprocessing = 0;
			shellPath = /bin/sh;
			shellScript = "\"${SRCROOT}/Pods/Target Support Files/Pods-Ruff-Ruff/Pods-Ruff-Ruff-frameworks.sh\"\n";
			showEnvVarsInLog = 0;
		};
		1BB37BC402E532A53532EF68 /* [CP] Check Pods Manifest.lock */ = {
			isa = PBXShellScriptBuildPhase;
			buildActionMask = 2147483647;
			files = (
			);
			inputPaths = (
				"${PODS_PODFILE_DIR_PATH}/Podfile.lock",
				"${PODS_ROOT}/Manifest.lock",
			);
			name = "[CP] Check Pods Manifest.lock";
			outputPaths = (
				"$(DERIVED_FILE_DIR)/Pods-Ruff-Ruff-checkManifestLockResult.txt",
			);
			runOnlyForDeploymentPostprocessing = 0;
			shellPath = /bin/sh;
			shellScript = "diff \"${PODS_PODFILE_DIR_PATH}/Podfile.lock\" \"${PODS_ROOT}/Manifest.lock\" > /dev/null\nif [ $? != 0 ] ; then\n    # print error to STDERR\n    echo \"error: The sandbox is not in sync with the Podfile.lock. Run 'pod install' or update your CocoaPods installation.\" >&2\n    exit 1\nfi\n# This output is used by Xcode 'outputs' to avoid re-running this script phase.\necho \"SUCCESS\" > \"${SCRIPT_OUTPUT_FILE_0}\"\n";
			showEnvVarsInLog = 0;
		};
		906BBE71E6CAB31B1B4A1D8E /* [CP] Check Pods Manifest.lock */ = {
			isa = PBXShellScriptBuildPhase;
			buildActionMask = 2147483647;
			files = (
			);
			inputPaths = (
				"${PODS_PODFILE_DIR_PATH}/Podfile.lock",
				"${PODS_ROOT}/Manifest.lock",
			);
			name = "[CP] Check Pods Manifest.lock";
			outputPaths = (
				"$(DERIVED_FILE_DIR)/Pods-Ruff-RuffUITests-checkManifestLockResult.txt",
			);
			runOnlyForDeploymentPostprocessing = 0;
			shellPath = /bin/sh;
			shellScript = "diff \"${PODS_PODFILE_DIR_PATH}/Podfile.lock\" \"${PODS_ROOT}/Manifest.lock\" > /dev/null\nif [ $? != 0 ] ; then\n    # print error to STDERR\n    echo \"error: The sandbox is not in sync with the Podfile.lock. Run 'pod install' or update your CocoaPods installation.\" >&2\n    exit 1\nfi\n# This output is used by Xcode 'outputs' to avoid re-running this script phase.\necho \"SUCCESS\" > \"${SCRIPT_OUTPUT_FILE_0}\"\n";
			showEnvVarsInLog = 0;
		};
		BAC4E686AE12832ECBD2578D /* [CP] Check Pods Manifest.lock */ = {
			isa = PBXShellScriptBuildPhase;
			buildActionMask = 2147483647;
			files = (
			);
			inputPaths = (
				"${PODS_PODFILE_DIR_PATH}/Podfile.lock",
				"${PODS_ROOT}/Manifest.lock",
			);
			name = "[CP] Check Pods Manifest.lock";
			outputPaths = (
				"$(DERIVED_FILE_DIR)/Pods-Ruff-RuffTests-checkManifestLockResult.txt",
			);
			runOnlyForDeploymentPostprocessing = 0;
			shellPath = /bin/sh;
			shellScript = "diff \"${PODS_PODFILE_DIR_PATH}/Podfile.lock\" \"${PODS_ROOT}/Manifest.lock\" > /dev/null\nif [ $? != 0 ] ; then\n    # print error to STDERR\n    echo \"error: The sandbox is not in sync with the Podfile.lock. Run 'pod install' or update your CocoaPods installation.\" >&2\n    exit 1\nfi\n# This output is used by Xcode 'outputs' to avoid re-running this script phase.\necho \"SUCCESS\" > \"${SCRIPT_OUTPUT_FILE_0}\"\n";
			showEnvVarsInLog = 0;
		};
/* End PBXShellScriptBuildPhase section */

/* Begin PBXSourcesBuildPhase section */
		6E74C0D620C0DA0600446BCD /* Sources */ = {
			isa = PBXSourcesBuildPhase;
			buildActionMask = 2147483647;
			files = (
				6E74C11020C0E8CE00446BCD /* SignUpViewController.swift in Sources */,
				6EDC7F1C20EF48A200EFF1C0 /* AddDogsVC.swift in Sources */,
				6E74C0DE20C0DA0600446BCD /* AppDelegate.swift in Sources */,
				6E23D5C720D7675E00FFEA0E /* UserDetailViewController.swift in Sources */,
				6E5D9EB820F7184F001C7C5C /* FirebaseImporter.swift in Sources */,
				6E4B14CE20E5E7A900AFA73F /* PetDetailsViewController.swift in Sources */,
				6E9657F520D39A0F00027CCC /* dog.swift in Sources */,
				6E74C11220C0E8D500446BCD /* SignInViewController.swift in Sources */,
				6EDC7F1E20F1BF3E00EFF1C0 /* ParentCollectionViewCell.swift in Sources */,
				6E9657F320D38D2200027CCC /* userData.swift in Sources */,
				6EDC7F1A20EF400600EFF1C0 /* ParentMainViewController.swift in Sources */,
				6EDC7F2020F1E74500EFF1C0 /* OptionVC.swift in Sources */,
				6E67438120CCE9AC00FE9E50 /* CollectionViewCell.swift in Sources */,
				31941DB020CCBC2400595473 /* MainScreenVC.swift in Sources */,
				31941DAB20CCB73300595473 /* User.swift in Sources */,
				31941DA620CCAE1A00595473 /* DataService.swift in Sources */,
			);
			runOnlyForDeploymentPostprocessing = 0;
		};
		6E74C0EA20C0DA0900446BCD /* Sources */ = {
			isa = PBXSourcesBuildPhase;
			buildActionMask = 2147483647;
			files = (
				6E74C0F320C0DA0900446BCD /* Ruff_RuffTests.swift in Sources */,
				31941DA720CCAE1A00595473 /* DataService.swift in Sources */,
				31941DAC20CCB73300595473 /* User.swift in Sources */,
				31941DB120CCBC2400595473 /* MainScreenVC.swift in Sources */,
			);
			runOnlyForDeploymentPostprocessing = 0;
		};
		6E74C0F520C0DA0900446BCD /* Sources */ = {
			isa = PBXSourcesBuildPhase;
			buildActionMask = 2147483647;
			files = (
				6E74C0FE20C0DA0900446BCD /* Ruff_RuffUITests.swift in Sources */,
				31941DA820CCAE1A00595473 /* DataService.swift in Sources */,
				31941DAD20CCB73300595473 /* User.swift in Sources */,
				31941DB220CCBC2400595473 /* MainScreenVC.swift in Sources */,
			);
			runOnlyForDeploymentPostprocessing = 0;
		};
/* End PBXSourcesBuildPhase section */

/* Begin PBXTargetDependency section */
		6E74C0F020C0DA0900446BCD /* PBXTargetDependency */ = {
			isa = PBXTargetDependency;
			target = 6E74C0D920C0DA0600446BCD /* Ruff-Ruff */;
			targetProxy = 6E74C0EF20C0DA0900446BCD /* PBXContainerItemProxy */;
		};
		6E74C0FB20C0DA0900446BCD /* PBXTargetDependency */ = {
			isa = PBXTargetDependency;
			target = 6E74C0D920C0DA0600446BCD /* Ruff-Ruff */;
			targetProxy = 6E74C0FA20C0DA0900446BCD /* PBXContainerItemProxy */;
		};
/* End PBXTargetDependency section */

/* Begin PBXVariantGroup section */
		6E74C0E620C0DA0800446BCD /* LaunchScreen.storyboard */ = {
			isa = PBXVariantGroup;
			children = (
				6E74C0E720C0DA0800446BCD /* Base */,
			);
			name = LaunchScreen.storyboard;
			sourceTree = "<group>";
		};
/* End PBXVariantGroup section */

/* Begin XCBuildConfiguration section */
		6E74C10020C0DA0900446BCD /* Debug */ = {
			isa = XCBuildConfiguration;
			buildSettings = {
				ALWAYS_SEARCH_USER_PATHS = NO;
				CLANG_ANALYZER_NONNULL = YES;
				CLANG_ANALYZER_NUMBER_OBJECT_CONVERSION = YES_AGGRESSIVE;
				CLANG_CXX_LANGUAGE_STANDARD = "gnu++14";
				CLANG_CXX_LIBRARY = "libc++";
				CLANG_ENABLE_MODULES = YES;
				CLANG_ENABLE_OBJC_ARC = YES;
				CLANG_ENABLE_OBJC_WEAK = YES;
				CLANG_WARN_BLOCK_CAPTURE_AUTORELEASING = YES;
				CLANG_WARN_BOOL_CONVERSION = YES;
				CLANG_WARN_COMMA = YES;
				CLANG_WARN_CONSTANT_CONVERSION = YES;
				CLANG_WARN_DEPRECATED_OBJC_IMPLEMENTATIONS = YES;
				CLANG_WARN_DIRECT_OBJC_ISA_USAGE = YES_ERROR;
				CLANG_WARN_DOCUMENTATION_COMMENTS = YES;
				CLANG_WARN_EMPTY_BODY = YES;
				CLANG_WARN_ENUM_CONVERSION = YES;
				CLANG_WARN_INFINITE_RECURSION = YES;
				CLANG_WARN_INT_CONVERSION = YES;
				CLANG_WARN_NON_LITERAL_NULL_CONVERSION = YES;
				CLANG_WARN_OBJC_IMPLICIT_RETAIN_SELF = YES;
				CLANG_WARN_OBJC_LITERAL_CONVERSION = YES;
				CLANG_WARN_OBJC_ROOT_CLASS = YES_ERROR;
				CLANG_WARN_RANGE_LOOP_ANALYSIS = YES;
				CLANG_WARN_STRICT_PROTOTYPES = YES;
				CLANG_WARN_SUSPICIOUS_MOVE = YES;
				CLANG_WARN_UNGUARDED_AVAILABILITY = YES_AGGRESSIVE;
				CLANG_WARN_UNREACHABLE_CODE = YES;
				CLANG_WARN__DUPLICATE_METHOD_MATCH = YES;
				CODE_SIGN_IDENTITY = "iPhone Developer";
				COPY_PHASE_STRIP = NO;
				DEBUG_INFORMATION_FORMAT = dwarf;
				ENABLE_STRICT_OBJC_MSGSEND = YES;
				ENABLE_TESTABILITY = YES;
				GCC_C_LANGUAGE_STANDARD = gnu11;
				GCC_DYNAMIC_NO_PIC = NO;
				GCC_NO_COMMON_BLOCKS = YES;
				GCC_OPTIMIZATION_LEVEL = 0;
				GCC_PREPROCESSOR_DEFINITIONS = (
					"DEBUG=1",
					"$(inherited)",
				);
				GCC_WARN_64_TO_32_BIT_CONVERSION = YES;
				GCC_WARN_ABOUT_RETURN_TYPE = YES_ERROR;
				GCC_WARN_UNDECLARED_SELECTOR = YES;
				GCC_WARN_UNINITIALIZED_AUTOS = YES_AGGRESSIVE;
				GCC_WARN_UNUSED_FUNCTION = YES;
				GCC_WARN_UNUSED_VARIABLE = YES;
				IPHONEOS_DEPLOYMENT_TARGET = 11.4;
				MTL_ENABLE_DEBUG_INFO = YES;
				ONLY_ACTIVE_ARCH = YES;
				SDKROOT = iphoneos;
				SWIFT_ACTIVE_COMPILATION_CONDITIONS = DEBUG;
				SWIFT_OPTIMIZATION_LEVEL = "-Onone";
			};
			name = Debug;
		};
		6E74C10120C0DA0900446BCD /* Release */ = {
			isa = XCBuildConfiguration;
			buildSettings = {
				ALWAYS_SEARCH_USER_PATHS = NO;
				CLANG_ANALYZER_NONNULL = YES;
				CLANG_ANALYZER_NUMBER_OBJECT_CONVERSION = YES_AGGRESSIVE;
				CLANG_CXX_LANGUAGE_STANDARD = "gnu++14";
				CLANG_CXX_LIBRARY = "libc++";
				CLANG_ENABLE_MODULES = YES;
				CLANG_ENABLE_OBJC_ARC = YES;
				CLANG_ENABLE_OBJC_WEAK = YES;
				CLANG_WARN_BLOCK_CAPTURE_AUTORELEASING = YES;
				CLANG_WARN_BOOL_CONVERSION = YES;
				CLANG_WARN_COMMA = YES;
				CLANG_WARN_CONSTANT_CONVERSION = YES;
				CLANG_WARN_DEPRECATED_OBJC_IMPLEMENTATIONS = YES;
				CLANG_WARN_DIRECT_OBJC_ISA_USAGE = YES_ERROR;
				CLANG_WARN_DOCUMENTATION_COMMENTS = YES;
				CLANG_WARN_EMPTY_BODY = YES;
				CLANG_WARN_ENUM_CONVERSION = YES;
				CLANG_WARN_INFINITE_RECURSION = YES;
				CLANG_WARN_INT_CONVERSION = YES;
				CLANG_WARN_NON_LITERAL_NULL_CONVERSION = YES;
				CLANG_WARN_OBJC_IMPLICIT_RETAIN_SELF = YES;
				CLANG_WARN_OBJC_LITERAL_CONVERSION = YES;
				CLANG_WARN_OBJC_ROOT_CLASS = YES_ERROR;
				CLANG_WARN_RANGE_LOOP_ANALYSIS = YES;
				CLANG_WARN_STRICT_PROTOTYPES = YES;
				CLANG_WARN_SUSPICIOUS_MOVE = YES;
				CLANG_WARN_UNGUARDED_AVAILABILITY = YES_AGGRESSIVE;
				CLANG_WARN_UNREACHABLE_CODE = YES;
				CLANG_WARN__DUPLICATE_METHOD_MATCH = YES;
				CODE_SIGN_IDENTITY = "iPhone Developer";
				COPY_PHASE_STRIP = NO;
				DEBUG_INFORMATION_FORMAT = "dwarf-with-dsym";
				ENABLE_NS_ASSERTIONS = NO;
				ENABLE_STRICT_OBJC_MSGSEND = YES;
				GCC_C_LANGUAGE_STANDARD = gnu11;
				GCC_NO_COMMON_BLOCKS = YES;
				GCC_WARN_64_TO_32_BIT_CONVERSION = YES;
				GCC_WARN_ABOUT_RETURN_TYPE = YES_ERROR;
				GCC_WARN_UNDECLARED_SELECTOR = YES;
				GCC_WARN_UNINITIALIZED_AUTOS = YES_AGGRESSIVE;
				GCC_WARN_UNUSED_FUNCTION = YES;
				GCC_WARN_UNUSED_VARIABLE = YES;
				IPHONEOS_DEPLOYMENT_TARGET = 11.4;
				MTL_ENABLE_DEBUG_INFO = NO;
				SDKROOT = iphoneos;
				SWIFT_COMPILATION_MODE = wholemodule;
				SWIFT_OPTIMIZATION_LEVEL = "-O";
				VALIDATE_PRODUCT = YES;
			};
			name = Release;
		};
		6E74C10320C0DA0900446BCD /* Debug */ = {
			isa = XCBuildConfiguration;
			baseConfigurationReference = 0ECFAEF2500D39C990C44799 /* Pods-Ruff-Ruff.debug.xcconfig */;
			buildSettings = {
				ASSETCATALOG_COMPILER_APPICON_NAME = AppIcon;
				CODE_SIGN_STYLE = Automatic;
				DEVELOPMENT_TEAM = UJ9M2WLA9Z;
				INFOPLIST_FILE = "Ruff-Ruff/Info.plist";
				LD_RUNPATH_SEARCH_PATHS = (
					"$(inherited)",
					"@executable_path/Frameworks",
				);
				PRODUCT_BUNDLE_IDENTIFIER = com.barkshare;
				PRODUCT_NAME = "$(TARGET_NAME)";
				SWIFT_VERSION = 4.0;
				TARGETED_DEVICE_FAMILY = "1,2";
			};
			name = Debug;
		};
		6E74C10420C0DA0900446BCD /* Release */ = {
			isa = XCBuildConfiguration;
			baseConfigurationReference = 6C702A2C70A56D91BFA0C7BC /* Pods-Ruff-Ruff.release.xcconfig */;
			buildSettings = {
				ASSETCATALOG_COMPILER_APPICON_NAME = AppIcon;
				CODE_SIGN_STYLE = Automatic;
				DEVELOPMENT_TEAM = UJ9M2WLA9Z;
				INFOPLIST_FILE = "Ruff-Ruff/Info.plist";
				LD_RUNPATH_SEARCH_PATHS = (
					"$(inherited)",
					"@executable_path/Frameworks",
				);
				PRODUCT_BUNDLE_IDENTIFIER = com.barkshare;
				PRODUCT_NAME = "$(TARGET_NAME)";
				SWIFT_VERSION = 4.0;
				TARGETED_DEVICE_FAMILY = "1,2";
			};
			name = Release;
		};
		6E74C10620C0DA0900446BCD /* Debug */ = {
			isa = XCBuildConfiguration;
			baseConfigurationReference = D027CAF76B09745182DEA94E /* Pods-Ruff-RuffTests.debug.xcconfig */;
			buildSettings = {
				ALWAYS_EMBED_SWIFT_STANDARD_LIBRARIES = YES;
				BUNDLE_LOADER = "$(TEST_HOST)";
				CODE_SIGN_STYLE = Automatic;
				INFOPLIST_FILE = "Ruff-RuffTests/Info.plist";
				LD_RUNPATH_SEARCH_PATHS = (
					"$(inherited)",
					"@executable_path/Frameworks",
					"@loader_path/Frameworks",
				);
				PRODUCT_BUNDLE_IDENTIFIER = "com.Ruff-RuffTests";
				PRODUCT_NAME = "$(TARGET_NAME)";
				SWIFT_VERSION = 4.0;
				TARGETED_DEVICE_FAMILY = "1,2";
				TEST_HOST = "$(BUILT_PRODUCTS_DIR)/Ruff-Ruff.app/Ruff-Ruff";
			};
			name = Debug;
		};
		6E74C10720C0DA0900446BCD /* Release */ = {
			isa = XCBuildConfiguration;
			baseConfigurationReference = DE118BB2A0AAB355E31B8FCB /* Pods-Ruff-RuffTests.release.xcconfig */;
			buildSettings = {
				ALWAYS_EMBED_SWIFT_STANDARD_LIBRARIES = YES;
				BUNDLE_LOADER = "$(TEST_HOST)";
				CODE_SIGN_STYLE = Automatic;
				INFOPLIST_FILE = "Ruff-RuffTests/Info.plist";
				LD_RUNPATH_SEARCH_PATHS = (
					"$(inherited)",
					"@executable_path/Frameworks",
					"@loader_path/Frameworks",
				);
				PRODUCT_BUNDLE_IDENTIFIER = "com.Ruff-RuffTests";
				PRODUCT_NAME = "$(TARGET_NAME)";
				SWIFT_VERSION = 4.0;
				TARGETED_DEVICE_FAMILY = "1,2";
				TEST_HOST = "$(BUILT_PRODUCTS_DIR)/Ruff-Ruff.app/Ruff-Ruff";
			};
			name = Release;
		};
		6E74C10920C0DA0900446BCD /* Debug */ = {
			isa = XCBuildConfiguration;
			baseConfigurationReference = 648810674401C1D745FDB7BE /* Pods-Ruff-RuffUITests.debug.xcconfig */;
			buildSettings = {
				ALWAYS_EMBED_SWIFT_STANDARD_LIBRARIES = YES;
				CODE_SIGN_STYLE = Automatic;
				INFOPLIST_FILE = "Ruff-RuffUITests/Info.plist";
				LD_RUNPATH_SEARCH_PATHS = (
					"$(inherited)",
					"@executable_path/Frameworks",
					"@loader_path/Frameworks",
				);
				PRODUCT_BUNDLE_IDENTIFIER = "com.Ruff-RuffUITests";
				PRODUCT_NAME = "$(TARGET_NAME)";
				SWIFT_VERSION = 4.0;
				TARGETED_DEVICE_FAMILY = "1,2";
				TEST_TARGET_NAME = "Ruff-Ruff";
			};
			name = Debug;
		};
		6E74C10A20C0DA0900446BCD /* Release */ = {
			isa = XCBuildConfiguration;
			baseConfigurationReference = 38964257BCE175C9C505C589 /* Pods-Ruff-RuffUITests.release.xcconfig */;
			buildSettings = {
				ALWAYS_EMBED_SWIFT_STANDARD_LIBRARIES = YES;
				CODE_SIGN_STYLE = Automatic;
				INFOPLIST_FILE = "Ruff-RuffUITests/Info.plist";
				LD_RUNPATH_SEARCH_PATHS = (
					"$(inherited)",
					"@executable_path/Frameworks",
					"@loader_path/Frameworks",
				);
				PRODUCT_BUNDLE_IDENTIFIER = "com.Ruff-RuffUITests";
				PRODUCT_NAME = "$(TARGET_NAME)";
				SWIFT_VERSION = 4.0;
				TARGETED_DEVICE_FAMILY = "1,2";
				TEST_TARGET_NAME = "Ruff-Ruff";
			};
			name = Release;
		};
/* End XCBuildConfiguration section */

/* Begin XCConfigurationList section */
		6E74C0D520C0DA0600446BCD /* Build configuration list for PBXProject "Ruff-Ruff" */ = {
			isa = XCConfigurationList;
			buildConfigurations = (
				6E74C10020C0DA0900446BCD /* Debug */,
				6E74C10120C0DA0900446BCD /* Release */,
			);
			defaultConfigurationIsVisible = 0;
			defaultConfigurationName = Release;
		};
		6E74C10220C0DA0900446BCD /* Build configuration list for PBXNativeTarget "Ruff-Ruff" */ = {
			isa = XCConfigurationList;
			buildConfigurations = (
				6E74C10320C0DA0900446BCD /* Debug */,
				6E74C10420C0DA0900446BCD /* Release */,
			);
			defaultConfigurationIsVisible = 0;
			defaultConfigurationName = Release;
		};
		6E74C10520C0DA0900446BCD /* Build configuration list for PBXNativeTarget "Ruff-RuffTests" */ = {
			isa = XCConfigurationList;
			buildConfigurations = (
				6E74C10620C0DA0900446BCD /* Debug */,
				6E74C10720C0DA0900446BCD /* Release */,
			);
			defaultConfigurationIsVisible = 0;
			defaultConfigurationName = Release;
		};
		6E74C10820C0DA0900446BCD /* Build configuration list for PBXNativeTarget "Ruff-RuffUITests" */ = {
			isa = XCConfigurationList;
			buildConfigurations = (
				6E74C10920C0DA0900446BCD /* Debug */,
				6E74C10A20C0DA0900446BCD /* Release */,
			);
			defaultConfigurationIsVisible = 0;
			defaultConfigurationName = Release;
		};
/* End XCConfigurationList section */
	};
	rootObject = 6E74C0D220C0DA0600446BCD /* Project object */;
}
